
Microsoft Visual Studio Solution File, Format Version 12.00
# Visual Studio 15
VisualStudioVersion = 15.0.28307.329
MinimumVisualStudioVersion = 10.0.40219.1
Project("{FAE04EC0-301F-11D3-BF4B-00C04F79EFBC}") = "WindowsFormsApp5", "WindowsFormsApp5\WindowsFormsApp5.csproj", "{C155A419-9BE6-4446-9048-3150B6D1A350}"
EndProject
Global
	GlobalSection(SolutionConfigurationPlatforms) = preSolution
		Debug|Any CPU = Debug|Any CPU
		Release|Any CPU = Release|Any CPU
	EndGlobalSection
	GlobalSection(ProjectConfigurationPlatforms) = postSolution
		{C155A419-9BE6-4446-9048-3150B6D1A350}.Debug|Any CPU.ActiveCfg = Debug|Any CPU
		{C155A419-9BE6-4446-9048-3150B6D1A350}.Debug|Any CPU.Build.0 = Debug|Any CPU
		{C155A419-9BE6-4446-9048-3150B6D1A350}.Release|Any CPU.ActiveCfg = Release|Any CPU
		{C155A419-9BE6-4446-9048-3150B6D1A350}.Release|Any CPU.Build.0 = Release|Any CPU
	EndGlobalSection
	GlobalSection(SolutionProperties) = preSolution
		HideSolutionNode = FALSE
	EndGlobalSection
	GlobalSection(ExtensibilityGlobals) = postSolution
		SolutionGuid = {6AB8B95A-F4A8-4561-B5C0-BEF7C1CCC7D7}
	EndGlobalSection
EndGlobal
